{
  "name": "dgclone",
  "lockfileVersion": 3,
  "requires": true,
  "packages": {
    "": {
      "dependencies": {
        "kavenegar": "^1.1.4"
      }
    },
    "node_modules/kavenegar": {
      "version": "1.1.4",
      "resolved": "https://registry.npmjs.org/kavenegar/-/kavenegar-1.1.4.tgz",
      "integrity": "sha512-t7oqXS1zZjlFkeofF2J0qSKQeYAmCYogfqROCl/ZQZ3hvCnq9fBBiZIThGnozQ5mMEAJPI5TwWh9RyQ3bOqH3Q==",
      "license": "MIT"
    }
  }
}